// !$*UTF8*$!
{
	archiveVersion = 1;
	classes = {
	};
	objectVersion = 50;
	objects = {

/* Begin PBXBuildFile section */
		E75AF336259DCA9F0049A025 /* AppDelegate.m in Sources */ = {isa = PBXBuildFile; fileRef = E75AF335259DCA9F0049A025 /* AppDelegate.m */; };
		E75AF339259DCA9F0049A025 /* Main.storyboard in Resources */ = {isa = PBXBuildFile; fileRef = E75AF337259DCA9F0049A025 /* Main.storyboard */; };
		E75AF33C259DCA9F0049A025 /* ViewController.m in Sources */ = {isa = PBXBuildFile; fileRef = E75AF33B259DCA9F0049A025 /* ViewController.m */; };
		E75AF33E259DCA9F0049A025 /* Assets.xcassets in Resources */ = {isa = PBXBuildFile; fileRef = E75AF33D259DCA9F0049A025 /* Assets.xcassets */; };
		E75AF341259DCA9F0049A025 /* main.m in Sources */ = {isa = PBXBuildFile; fileRef = E75AF340259DCA9F0049A025 /* main.m */; };
		E75AF347259DCA9F0049A025 /* SafariExtensionTest Extension.appex in Embed App Extensions */ = {isa = PBXBuildFile; fileRef = E75AF346259DCA9F0049A025 /* SafariExtensionTest Extension.appex */; settings = {ATTRIBUTES = (RemoveHeadersOnCopy, ); }; };
		E75AF34C259DCA9F0049A025 /* Cocoa.framework in Frameworks */ = {isa = PBXBuildFile; fileRef = E75AF34B259DCA9F0049A025 /* Cocoa.framework */; };
		E75AF350259DCA9F0049A025 /* SafariWebExtensionHandler.m in Sources */ = {isa = PBXBuildFile; fileRef = E75AF34F259DCA9F0049A025 /* SafariWebExtensionHandler.m */; };
		E75AF353259DCA9F0049A025 /* _locales in Resources */ = {isa = PBXBuildFile; fileRef = E75AF352259DCA9F0049A025 /* _locales */; };
		E75AF355259DCA9F0049A025 /* images in Resources */ = {isa = PBXBuildFile; fileRef = E75AF354259DCA9F0049A025 /* images */; };
		E75AF357259DCA9F0049A025 /* manifest.json in Resources */ = {isa = PBXBuildFile; fileRef = E75AF356259DCA9F0049A025 /* manifest.json */; };
		E75AF359259DCA9F0049A025 /* background.js in Resources */ = {isa = PBXBuildFile; fileRef = E75AF358259DCA9F0049A025 /* background.js */; };
		E75AF35B259DCA9F0049A025 /* content.js in Resources */ = {isa = PBXBuildFile; fileRef = E75AF35A259DCA9F0049A025 /* content.js */; };
		E75AF35D259DCA9F0049A025 /* popup.html in Resources */ = {isa = PBXBuildFile; fileRef = E75AF35C259DCA9F0049A025 /* popup.html */; };
		E75AF35F259DCA9F0049A025 /* popup.css in Resources */ = {isa = PBXBuildFile; fileRef = E75AF35E259DCA9F0049A025 /* popup.css */; };
		E75AF361259DCA9F0049A025 /* popup.js in Resources */ = {isa = PBXBuildFile; fileRef = E75AF360259DCA9F0049A025 /* popup.js */; };
/* End PBXBuildFile section */

/* Begin PBXContainerItemProxy section */
		E75AF348259DCA9F0049A025 /* PBXContainerItemProxy */ = {
			isa = PBXContainerItemProxy;
			containerPortal = E75AF328259DCA9F0049A025 /* Project object */;
			proxyType = 1;
			remoteGlobalIDString = E75AF345259DCA9F0049A025;
			remoteInfo = "SafariExtensionTest Extension";
		};
/* End PBXContainerItemProxy section */

/* Begin PBXCopyFilesBuildPhase section */
		E75AF369259DCA9F0049A025 /* Embed App Extensions */ = {
			isa = PBXCopyFilesBuildPhase;
			buildActionMask = 2147483647;
			dstPath = "";
			dstSubfolderSpec = 13;
			files = (
				E75AF347259DCA9F0049A025 /* SafariExtensionTest Extension.appex in Embed App Extensions */,
			);
			name = "Embed App Extensions";
			runOnlyForDeploymentPostprocessing = 0;
		};
/* End PBXCopyFilesBuildPhase section */

/* Begin PBXFileReference section */
		E75AF330259DCA9F0049A025 /* SafariExtensionTest.app */ = {isa = PBXFileReference; explicitFileType = wrapper.application; includeInIndex = 0; path = SafariExtensionTest.app; sourceTree = BUILT_PRODUCTS_DIR; };
		E75AF333259DCA9F0049A025 /* SafariExtensionTest.entitlements */ = {isa = PBXFileReference; lastKnownFileType = text.plist.entitlements; path = SafariExtensionTest.entitlements; sourceTree = "<group>"; };
		E75AF334259DCA9F0049A025 /* AppDelegate.h */ = {isa = PBXFileReference; lastKnownFileType = sourcecode.c.h; path = AppDelegate.h; sourceTree = "<group>"; };
		E75AF335259DCA9F0049A025 /* AppDelegate.m */ = {isa = PBXFileReference; lastKnownFileType = sourcecode.c.objc; path = AppDelegate.m; sourceTree = "<group>"; };
		E75AF338259DCA9F0049A025 /* Base */ = {isa = PBXFileReference; lastKnownFileType = file.storyboard; name = Base; path = Base.lproj/Main.storyboard; sourceTree = "<group>"; };
		E75AF33A259DCA9F0049A025 /* ViewController.h */ = {isa = PBXFileReference; lastKnownFileType = sourcecode.c.h; path = ViewController.h; sourceTree = "<group>"; };
		E75AF33B259DCA9F0049A025 /* ViewController.m */ = {isa = PBXFileReference; lastKnownFileType = sourcecode.c.objc; path = ViewController.m; sourceTree = "<group>"; };
		E75AF33D259DCA9F0049A025 /* Assets.xcassets */ = {isa = PBXFileReference; lastKnownFileType = folder.assetcatalog; path = Assets.xcassets; sourceTree = "<group>"; };
		E75AF33F259DCA9F0049A025 /* Info.plist */ = {isa = PBXFileReference; lastKnownFileType = text.plist.xml; path = Info.plist; sourceTree = "<group>"; };
		E75AF340259DCA9F0049A025 /* main.m */ = {isa = PBXFileReference; lastKnownFileType = sourcecode.c.objc; path = main.m; sourceTree = "<group>"; };
		E75AF346259DCA9F0049A025 /* SafariExtensionTest Extension.appex */ = {isa = PBXFileReference; explicitFileType = "wrapper.app-extension"; includeInIndex = 0; path = "SafariExtensionTest Extension.appex"; sourceTree = BUILT_PRODUCTS_DIR; };
		E75AF34B259DCA9F0049A025 /* Cocoa.framework */ = {isa = PBXFileReference; lastKnownFileType = wrapper.framework; name = Cocoa.framework; path = System/Library/Frameworks/Cocoa.framework; sourceTree = SDKROOT; };
		E75AF34E259DCA9F0049A025 /* SafariWebExtensionHandler.h */ = {isa = PBXFileReference; lastKnownFileType = sourcecode.c.h; path = SafariWebExtensionHandler.h; sourceTree = "<group>"; };
		E75AF34F259DCA9F0049A025 /* SafariWebExtensionHandler.m */ = {isa = PBXFileReference; lastKnownFileType = sourcecode.c.objc; path = SafariWebExtensionHandler.m; sourceTree = "<group>"; };
		E75AF352259DCA9F0049A025 /* _locales */ = {isa = PBXFileReference; lastKnownFileType = folder; path = _locales; sourceTree = "<group>"; };
		E75AF354259DCA9F0049A025 /* images */ = {isa = PBXFileReference; lastKnownFileType = folder; path = images; sourceTree = "<group>"; };
		E75AF356259DCA9F0049A025 /* manifest.json */ = {isa = PBXFileReference; lastKnownFileType = text.json; path = manifest.json; sourceTree = "<group>"; };
		E75AF358259DCA9F0049A025 /* background.js */ = {isa = PBXFileReference; lastKnownFileType = sourcecode.javascript; path = background.js; sourceTree = "<group>"; };
		E75AF35A259DCA9F0049A025 /* content.js */ = {isa = PBXFileReference; lastKnownFileType = sourcecode.javascript; path = content.js; sourceTree = "<group>"; };
		E75AF35C259DCA9F0049A025 /* popup.html */ = {isa = PBXFileReference; lastKnownFileType = text.html; path = popup.html; sourceTree = "<group>"; };
		E75AF35E259DCA9F0049A025 /* popup.css */ = {isa = PBXFileReference; lastKnownFileType = text.css; path = popup.css; sourceTree = "<group>"; };
		E75AF360259DCA9F0049A025 /* popup.js */ = {isa = PBXFileReference; lastKnownFileType = sourcecode.javascript; path = popup.js; sourceTree = "<group>"; };
		E75AF362259DCA9F0049A025 /* Info.plist */ = {isa = PBXFileReference; lastKnownFileType = text.plist.xml; path = Info.plist; sourceTree = "<group>"; };
		E75AF363259DCA9F0049A025 /* SafariExtensionTest_Extension.entitlements */ = {isa = PBXFileReference; lastKnownFileType = text.plist.entitlements; path = SafariExtensionTest_Extension.entitlements; sourceTree = "<group>"; };
/* End PBXFileReference section */

/* Begin PBXFrameworksBuildPhase section */
		E75AF32D259DCA9F0049A025 /* Frameworks */ = {
			isa = PBXFrameworksBuildPhase;
			buildActionMask = 2147483647;
			files = (
			);
			runOnlyForDeploymentPostprocessing = 0;
		};
		E75AF343259DCA9F0049A025 /* Frameworks */ = {
			isa = PBXFrameworksBuildPhase;
			buildActionMask = 2147483647;
			files = (
				E75AF34C259DCA9F0049A025 /* Cocoa.framework in Frameworks */,
			);
			runOnlyForDeploymentPostprocessing = 0;
		};
/* End PBXFrameworksBuildPhase section */

/* Begin PBXGroup section */
		E75AF327259DCA9F0049A025 = {
			isa = PBXGroup;
			children = (
				E75AF332259DCA9F0049A025 /* SafariExtensionTest */,
				E75AF34D259DCA9F0049A025 /* SafariExtensionTest Extension */,
				E75AF34A259DCA9F0049A025 /* Frameworks */,
				E75AF331259DCA9F0049A025 /* Products */,
			);
			sourceTree = "<group>";
		};
		E75AF331259DCA9F0049A025 /* Products */ = {
			isa = PBXGroup;
			children = (
				E75AF330259DCA9F0049A025 /* SafariExtensionTest.app */,
				E75AF346259DCA9F0049A025 /* SafariExtensionTest Extension.appex */,
			);
			name = Products;
			sourceTree = "<group>";
		};
		E75AF332259DCA9F0049A025 /* SafariExtensionTest */ = {
			isa = PBXGroup;
			children = (
				E75AF333259DCA9F0049A025 /* SafariExtensionTest.entitlements */,
				E75AF334259DCA9F0049A025 /* AppDelegate.h */,
				E75AF335259DCA9F0049A025 /* AppDelegate.m */,
				E75AF337259DCA9F0049A025 /* Main.storyboard */,
				E75AF33A259DCA9F0049A025 /* ViewController.h */,
				E75AF33B259DCA9F0049A025 /* ViewController.m */,
				E75AF33D259DCA9F0049A025 /* Assets.xcassets */,
				E75AF33F259DCA9F0049A025 /* Info.plist */,
				E75AF340259DCA9F0049A025 /* main.m */,
			);
			path = SafariExtensionTest;
			sourceTree = "<group>";
		};
		E75AF34A259DCA9F0049A025 /* Frameworks */ = {
			isa = PBXGroup;
			children = (
				E75AF34B259DCA9F0049A025 /* Cocoa.framework */,
			);
			name = Frameworks;
			sourceTree = "<group>";
		};
		E75AF34D259DCA9F0049A025 /* SafariExtensionTest Extension */ = {
			isa = PBXGroup;
			children = (
				E75AF34E259DCA9F0049A025 /* SafariWebExtensionHandler.h */,
				E75AF34F259DCA9F0049A025 /* SafariWebExtensionHandler.m */,
				E75AF362259DCA9F0049A025 /* Info.plist */,
				E75AF363259DCA9F0049A025 /* SafariExtensionTest_Extension.entitlements */,
				E75AF351259DCA9F0049A025 /* Resources */,
			);
			path = "SafariExtensionTest Extension";
			sourceTree = "<group>";
		};
		E75AF351259DCA9F0049A025 /* Resources */ = {
			isa = PBXGroup;
			children = (
				E75AF352259DCA9F0049A025 /* _locales */,
				E75AF354259DCA9F0049A025 /* images */,
				E75AF356259DCA9F0049A025 /* manifest.json */,
				E75AF358259DCA9F0049A025 /* background.js */,
				E75AF35A259DCA9F0049A025 /* content.js */,
				E75AF35C259DCA9F0049A025 /* popup.html */,
				E75AF35E259DCA9F0049A025 /* popup.css */,
				E75AF360259DCA9F0049A025 /* popup.js */,
			);
			path = Resources;
			sourceTree = "<group>";
		};
/* End PBXGroup section */

/* Begin PBXNativeTarget section */
		E75AF32F259DCA9F0049A025 /* SafariExtensionTest */ = {
			isa = PBXNativeTarget;
			buildConfigurationList = E75AF36A259DCA9F0049A025 /* Build configuration list for PBXNativeTarget "SafariExtensionTest" */;
			buildPhases = (
				E75AF32C259DCA9F0049A025 /* Sources */,
				E75AF32D259DCA9F0049A025 /* Frameworks */,
				E75AF32E259DCA9F0049A025 /* Resources */,
				E75AF369259DCA9F0049A025 /* Embed App Extensions */,
			);
			buildRules = (
			);
			dependencies = (
				E75AF349259DCA9F0049A025 /* PBXTargetDependency */,
			);
			name = SafariExtensionTest;
			productName = SafariExtensionTest;
			productReference = E75AF330259DCA9F0049A025 /* SafariExtensionTest.app */;
			productType = "com.apple.product-type.application";
		};
		E75AF345259DCA9F0049A025 /* SafariExtensionTest Extension */ = {
			isa = PBXNativeTarget;
			buildConfigurationList = E75AF366259DCA9F0049A025 /* Build configuration list for PBXNativeTarget "SafariExtensionTest Extension" */;
			buildPhases = (
				E75AF342259DCA9F0049A025 /* Sources */,
				E75AF343259DCA9F0049A025 /* Frameworks */,
				E75AF344259DCA9F0049A025 /* Resources */,
			);
			buildRules = (
			);
			dependencies = (
			);
			name = "SafariExtensionTest Extension";
			productName = "SafariExtensionTest Extension";
			productReference = E75AF346259DCA9F0049A025 /* SafariExtensionTest Extension.appex */;
			productType = "com.apple.product-type.app-extension";
		};
/* End PBXNativeTarget section */

/* Begin PBXProject section */
		E75AF328259DCA9F0049A025 /* Project object */ = {
			isa = PBXProject;
			attributes = {
				LastUpgradeCheck = 1230;
				TargetAttributes = {
					E75AF32F259DCA9F0049A025 = {
						CreatedOnToolsVersion = 12.3;
					};
					E75AF345259DCA9F0049A025 = {
						CreatedOnToolsVersion = 12.3;
					};
				};
			};
			buildConfigurationList = E75AF32B259DCA9F0049A025 /* Build configuration list for PBXProject "SafariExtensionTest" */;
			compatibilityVersion = "Xcode 9.3";
			developmentRegion = en;
			hasScannedForEncodings = 0;
			knownRegions = (
				en,
				Base,
			);
			mainGroup = E75AF327259DCA9F0049A025;
			productRefGroup = E75AF331259DCA9F0049A025 /* Products */;
			projectDirPath = "";
			projectRoot = "";
			targets = (
				E75AF32F259DCA9F0049A025 /* SafariExtensionTest */,
				E75AF345259DCA9F0049A025 /* SafariExtensionTest Extension */,
			);
		};
/* End PBXProject section */

/* Begin PBXResourcesBuildPhase section */
		E75AF32E259DCA9F0049A025 /* Resources */ = {
			isa = PBXResourcesBuildPhase;
			buildActionMask = 2147483647;
			files = (
				E75AF33E259DCA9F0049A025 /* Assets.xcassets in Resources */,
				E75AF339259DCA9F0049A025 /* Main.storyboard in Resources */,
			);
			runOnlyForDeploymentPostprocessing = 0;
		};
		E75AF344259DCA9F0049A025 /* Resources */ = {
			isa = PBXResourcesBuildPhase;
			buildActionMask = 2147483647;
			files = (
				E75AF359259DCA9F0049A025 /* background.js in Resources */,
				E75AF35F259DCA9F0049A025 /* popup.css in Resources */,
				E75AF35D259DCA9F0049A025 /* popup.html in Resources */,
				E75AF355259DCA9F0049A025 /* images in Resources */,
				E75AF357259DCA9F0049A025 /* manifest.json in Resources */,
				E75AF353259DCA9F0049A025 /* _locales in Resources */,
				E75AF35B259DCA9F0049A025 /* content.js in Resources */,
				E75AF361259DCA9F0049A025 /* popup.js in Resources */,
			);
			runOnlyForDeploymentPostprocessing = 0;
		};
/* End PBXResourcesBuildPhase section */

/* Begin PBXSourcesBuildPhase section */
		E75AF32C259DCA9F0049A025 /* Sources */ = {
			isa = PBXSourcesBuildPhase;
			buildActionMask = 2147483647;
			files = (
				E75AF33C259DCA9F0049A025 /* ViewController.m in Sources */,
				E75AF341259DCA9F0049A025 /* main.m in Sources */,
				E75AF336259DCA9F0049A025 /* AppDelegate.m in Sources */,
			);
			runOnlyForDeploymentPostprocessing = 0;
		};
		E75AF342259DCA9F0049A025 /* Sources */ = {
			isa = PBXSourcesBuildPhase;
			buildActionMask = 2147483647;
			files = (
				E75AF350259DCA9F0049A025 /* SafariWebExtensionHandler.m in Sources */,
			);
			runOnlyForDeploymentPostprocessing = 0;
		};
/* End PBXSourcesBuildPhase section */

/* Begin PBXTargetDependency section */
		E75AF349259DCA9F0049A025 /* PBXTargetDependency */ = {
			isa = PBXTargetDependency;
			target = E75AF345259DCA9F0049A025 /* SafariExtensionTest Extension */;
			targetProxy = E75AF348259DCA9F0049A025 /* PBXContainerItemProxy */;
		};
/* End PBXTargetDependency section */

/* Begin PBXVariantGroup section */
		E75AF337259DCA9F0049A025 /* Main.storyboard */ = {
			isa = PBXVariantGroup;
			children = (
				E75AF338259DCA9F0049A025 /* Base */,
			);
			name = Main.storyboard;
			sourceTree = "<group>";
		};
/* End PBXVariantGroup section */

/* Begin XCBuildConfiguration section */
		E75AF364259DCA9F0049A025 /* Debug */ = {
			isa = XCBuildConfiguration;
			buildSettings = {
				ALWAYS_SEARCH_USER_PATHS = NO;
				CLANG_ANALYZER_NONNULL = YES;
				CLANG_ANALYZER_NUMBER_OBJECT_CONVERSION = YES_AGGRESSIVE;
				CLANG_CXX_LANGUAGE_STANDARD = "gnu++14";
				CLANG_CXX_LIBRARY = "libc++";
				CLANG_ENABLE_MODULES = YES;
				CLANG_ENABLE_OBJC_ARC = YES;
				CLANG_ENABLE_OBJC_WEAK = YES;
				CLANG_WARN_BLOCK_CAPTURE_AUTORELEASING = YES;
				CLANG_WARN_BOOL_CONVERSION = YES;
				CLANG_WARN_COMMA = YES;
				CLANG_WARN_CONSTANT_CONVERSION = YES;
				CLANG_WARN_DEPRECATED_OBJC_IMPLEMENTATIONS = YES;
				CLANG_WARN_DIRECT_OBJC_ISA_USAGE = YES_ERROR;
				CLANG_WARN_DOCUMENTATION_COMMENTS = YES;
				CLANG_WARN_EMPTY_BODY = YES;
				CLANG_WARN_ENUM_CONVERSION = YES;
				CLANG_WARN_INFINITE_RECURSION = YES;
				CLANG_WARN_INT_CONVERSION = YES;
				CLANG_WARN_NON_LITERAL_NULL_CONVERSION = YES;
				CLANG_WARN_OBJC_IMPLICIT_RETAIN_SELF = YES;
				CLANG_WARN_OBJC_LITERAL_CONVERSION = YES;
				CLANG_WARN_OBJC_ROOT_CLASS = YES_ERROR;
				CLANG_WARN_QUOTED_INCLUDE_IN_FRAMEWORK_HEADER = YES;
				CLANG_WARN_RANGE_LOOP_ANALYSIS = YES;
				CLANG_WARN_STRICT_PROTOTYPES = YES;
				CLANG_WARN_SUSPICIOUS_MOVE = YES;
				CLANG_WARN_UNGUARDED_AVAILABILITY = YES_AGGRESSIVE;
				CLANG_WARN_UNREACHABLE_CODE = YES;
				CLANG_WARN__DUPLICATE_METHOD_MATCH = YES;
				COPY_PHASE_STRIP = NO;
				DEBUG_INFORMATION_FORMAT = dwarf;
				ENABLE_STRICT_OBJC_MSGSEND = YES;
				ENABLE_TESTABILITY = YES;
				GCC_C_LANGUAGE_STANDARD = gnu11;
				GCC_DYNAMIC_NO_PIC = NO;
				GCC_NO_COMMON_BLOCKS = YES;
				GCC_OPTIMIZATION_LEVEL = 0;
				GCC_PREPROCESSOR_DEFINITIONS = (
					"DEBUG=1",
					"$(inherited)",
				);
				GCC_WARN_64_TO_32_BIT_CONVERSION = YES;
				GCC_WARN_ABOUT_RETURN_TYPE = YES_ERROR;
				GCC_WARN_UNDECLARED_SELECTOR = YES;
				GCC_WARN_UNINITIALIZED_AUTOS = YES_AGGRESSIVE;
				GCC_WARN_UNUSED_FUNCTION = YES;
				GCC_WARN_UNUSED_VARIABLE = YES;
				MACOSX_DEPLOYMENT_TARGET = 11.1;
				MTL_ENABLE_DEBUG_INFO = INCLUDE_SOURCE;
				MTL_FAST_MATH = YES;
				ONLY_ACTIVE_ARCH = YES;
				SDKROOT = macosx;
			};
			name = Debug;
		};
		E75AF365259DCA9F0049A025 /* Release */ = {
			isa = XCBuildConfiguration;
			buildSettings = {
				ALWAYS_SEARCH_USER_PATHS = NO;
				CLANG_ANALYZER_NONNULL = YES;
				CLANG_ANALYZER_NUMBER_OBJECT_CONVERSION = YES_AGGRESSIVE;
				CLANG_CXX_LANGUAGE_STANDARD = "gnu++14";
				CLANG_CXX_LIBRARY = "libc++";
				CLANG_ENABLE_MODULES = YES;
				CLANG_ENABLE_OBJC_ARC = YES;
				CLANG_ENABLE_OBJC_WEAK = YES;
				CLANG_WARN_BLOCK_CAPTURE_AUTORELEASING = YES;
				CLANG_WARN_BOOL_CONVERSION = YES;
				CLANG_WARN_COMMA = YES;
				CLANG_WARN_CONSTANT_CONVERSION = YES;
				CLANG_WARN_DEPRECATED_OBJC_IMPLEMENTATIONS = YES;
				CLANG_WARN_DIRECT_OBJC_ISA_USAGE = YES_ERROR;
				CLANG_WARN_DOCUMENTATION_COMMENTS = YES;
				CLANG_WARN_EMPTY_BODY = YES;
				CLANG_WARN_ENUM_CONVERSION = YES;
				CLANG_WARN_INFINITE_RECURSION = YES;
				CLANG_WARN_INT_CONVERSION = YES;
				CLANG_WARN_NON_LITERAL_NULL_CONVERSION = YES;
				CLANG_WARN_OBJC_IMPLICIT_RETAIN_SELF = YES;
				CLANG_WARN_OBJC_LITERAL_CONVERSION = YES;
				CLANG_WARN_OBJC_ROOT_CLASS = YES_ERROR;
				CLANG_WARN_QUOTED_INCLUDE_IN_FRAMEWORK_HEADER = YES;
				CLANG_WARN_RANGE_LOOP_ANALYSIS = YES;
				CLANG_WARN_STRICT_PROTOTYPES = YES;
				CLANG_WARN_SUSPICIOUS_MOVE = YES;
				CLANG_WARN_UNGUARDED_AVAILABILITY = YES_AGGRESSIVE;
				CLANG_WARN_UNREACHABLE_CODE = YES;
				CLANG_WARN__DUPLICATE_METHOD_MATCH = YES;
				COPY_PHASE_STRIP = NO;
				DEBUG_INFORMATION_FORMAT = "dwarf-with-dsym";
				ENABLE_NS_ASSERTIONS = NO;
				ENABLE_STRICT_OBJC_MSGSEND = YES;
				GCC_C_LANGUAGE_STANDARD = gnu11;
				GCC_NO_COMMON_BLOCKS = YES;
				GCC_WARN_64_TO_32_BIT_CONVERSION = YES;
				GCC_WARN_ABOUT_RETURN_TYPE = YES_ERROR;
				GCC_WARN_UNDECLARED_SELECTOR = YES;
				GCC_WARN_UNINITIALIZED_AUTOS = YES_AGGRESSIVE;
				GCC_WARN_UNUSED_FUNCTION = YES;
				GCC_WARN_UNUSED_VARIABLE = YES;
				MACOSX_DEPLOYMENT_TARGET = 11.1;
				MTL_ENABLE_DEBUG_INFO = NO;
				MTL_FAST_MATH = YES;
				SDKROOT = macosx;
			};
			name = Release;
		};
		E75AF367259DCA9F0049A025 /* Debug */ = {
			isa = XCBuildConfiguration;
			buildSettings = {
				CODE_SIGN_ENTITLEMENTS = "SafariExtensionTest Extension/SafariExtensionTest_Extension.entitlements";
				CODE_SIGN_IDENTITY = "-";
				CODE_SIGN_STYLE = Manual;
				DEVELOPMENT_TEAM = "";
				ENABLE_HARDENED_RUNTIME = YES;
				INFOPLIST_FILE = "SafariExtensionTest Extension/Info.plist";
				LD_RUNPATH_SEARCH_PATHS = (
					"$(inherited)",
					"@executable_path/../Frameworks",
					"@executable_path/../../../../Frameworks",
				);
				MACOSX_DEPLOYMENT_TARGET = 10.14;
				PRODUCT_BUNDLE_IDENTIFIER = com.test.SafariExtensionTest.Extension;
				PRODUCT_NAME = "$(TARGET_NAME)";
				PROVISIONING_PROFILE_SPECIFIER = "";
				SKIP_INSTALL = YES;
			};
			name = Debug;
		};
		E75AF368259DCA9F0049A025 /* Release */ = {
			isa = XCBuildConfiguration;
			buildSettings = {
				CODE_SIGN_ENTITLEMENTS = "SafariExtensionTest Extension/SafariExtensionTest_Extension.entitlements";
				CODE_SIGN_IDENTITY = "-";
				CODE_SIGN_STYLE = Manual;
				DEVELOPMENT_TEAM = "";
				ENABLE_HARDENED_RUNTIME = YES;
				INFOPLIST_FILE = "SafariExtensionTest Extension/Info.plist";
				LD_RUNPATH_SEARCH_PATHS = (
					"$(inherited)",
					"@executable_path/../Frameworks",
					"@executable_path/../../../../Frameworks",
				);
				MACOSX_DEPLOYMENT_TARGET = 10.14;
				PRODUCT_BUNDLE_IDENTIFIER = com.test.SafariExtensionTest.Extension;
				PRODUCT_NAME = "$(TARGET_NAME)";
				PROVISIONING_PROFILE_SPECIFIER = "";
				SKIP_INSTALL = YES;
			};
			name = Release;
		};
		E75AF36B259DCA9F0049A025 /* Debug */ = {
			isa = XCBuildConfiguration;
			buildSettings = {
				ASSETCATALOG_COMPILER_APPICON_NAME = AppIcon;
				ASSETCATALOG_COMPILER_GLOBAL_ACCENT_COLOR_NAME = AccentColor;
				CODE_SIGN_ENTITLEMENTS = SafariExtensionTest/SafariExtensionTest.entitlements;
				CODE_SIGN_IDENTITY = "-";
				CODE_SIGN_STYLE = Manual;
				COMBINE_HIDPI_IMAGES = YES;
				DEVELOPMENT_TEAM = "";
				ENABLE_HARDENED_RUNTIME = YES;
				INFOPLIST_FILE = SafariExtensionTest/Info.plist;
				LD_RUNPATH_SEARCH_PATHS = (
					"$(inherited)",
					"@executable_path/../Frameworks",
				);
				MACOSX_DEPLOYMENT_TARGET = 10.14;
				PRODUCT_BUNDLE_IDENTIFIER = com.test.SafariExtensionTest;
				PRODUCT_NAME = "$(TARGET_NAME)";
				PROVISIONING_PROFILE_SPECIFIER = "";
			};
			name = Debug;
		};
		E75AF36C259DCA9F0049A025 /* Release */ = {
			isa = XCBuildConfiguration;
			buildSettings = {
				ASSETCATALOG_COMPILER_APPICON_NAME = AppIcon;
				ASSETCATALOG_COMPILER_GLOBAL_ACCENT_COLOR_NAME = AccentColor;
				CODE_SIGN_ENTITLEMENTS = SafariExtensionTest/SafariExtensionTest.entitlements;
				CODE_SIGN_IDENTITY = "-";
				CODE_SIGN_STYLE = Manual;
				COMBINE_HIDPI_IMAGES = YES;
				DEVELOPMENT_TEAM = "";
				ENABLE_HARDENED_RUNTIME = YES;
				INFOPLIST_FILE = SafariExtensionTest/Info.plist;
				LD_RUNPATH_SEARCH_PATHS = (
					"$(inherited)",
					"@executable_path/../Frameworks",
				);
				MACOSX_DEPLOYMENT_TARGET = 10.14;
				PRODUCT_BUNDLE_IDENTIFIER = com.test.SafariExtensionTest;
				PRODUCT_NAME = "$(TARGET_NAME)";
				PROVISIONING_PROFILE_SPECIFIER = "";
			};
			name = Release;
		};
/* End XCBuildConfiguration section */

/* Begin XCConfigurationList section */
		E75AF32B259DCA9F0049A025 /* Build configuration list for PBXProject "SafariExtensionTest" */ = {
			isa = XCConfigurationList;
			buildConfigurations = (
				E75AF364259DCA9F0049A025 /* Debug */,
				E75AF365259DCA9F0049A025 /* Release */,
			);
			defaultConfigurationIsVisible = 0;
			defaultConfigurationName = Release;
		};
		E75AF366259DCA9F0049A025 /* Build configuration list for PBXNativeTarget "SafariExtensionTest Extension" */ = {
			isa = XCConfigurationList;
			buildConfigurations = (
				E75AF367259DCA9F0049A025 /* Debug */,
				E75AF368259DCA9F0049A025 /* Release */,
			);
			defaultConfigurationIsVisible = 0;
			defaultConfigurationName = Release;
		};
		E75AF36A259DCA9F0049A025 /* Build configuration list for PBXNativeTarget "SafariExtensionTest" */ = {
			isa = XCConfigurationList;
			buildConfigurations = (
				E75AF36B259DCA9F0049A025 /* Debug */,
				E75AF36C259DCA9F0049A025 /* Release */,
			);
			defaultConfigurationIsVisible = 0;
			defaultConfigurationName = Release;
		};
/* End XCConfigurationList section */
	};
	rootObject = E75AF328259DCA9F0049A025 /* Project object */;
}
